Microsoft Visual Studio Solution File, Format Version 11.00
# Visual Studio 2008

Project("{BD56E55D-C3E6-EEC7-3C7B-666F4994BEC5}") = "CarTutorial in 3", "Assembly-CSharp.csproj", "{AA2B8AC7-6729-BCB8-6CE2-0D67EA9C41F9}"
EndProject
Project("{BD56E55D-C3E6-EEC7-3C7B-666F4994BEC5}") = "CarTutorial in 3", "Assembly-UnityScript.unityproj", "{5692DF66-BB2B-844E-9932-48A10B2E610E}"
EndProject
Global
	GlobalSection(SolutionConfigurationPlatforms) = preSolution
		Debug|Any CPU = Debug|Any CPU
		Release|Any CPU = Release|Any CPU
	EndGlobalSection
	GlobalSection(ProjectConfigurationPlatforms) = postSolution
		{AA2B8AC7-6729-BCB8-6CE2-0D67EA9C41F9}.Debug|Any CPU.ActiveCfg = Debug|Any CPU
		{AA2B8AC7-6729-BCB8-6CE2-0D67EA9C41F9}.Debug|Any CPU.Build.0 = Debug|Any CPU
		{AA2B8AC7-6729-BCB8-6CE2-0D67EA9C41F9}.Release|Any CPU.ActiveCfg = Release|Any CPU
		{AA2B8AC7-6729-BCB8-6CE2-0D67EA9C41F9}.Release|Any CPU.Build.0 = Release|Any CPU
		{5692DF66-BB2B-844E-9932-48A10B2E610E}.Debug|Any CPU.ActiveCfg = Debug|Any CPU
		{5692DF66-BB2B-844E-9932-48A10B2E610E}.Debug|Any CPU.Build.0 = Debug|Any CPU
		{5692DF66-BB2B-844E-9932-48A10B2E610E}.Release|Any CPU.ActiveCfg = Release|Any CPU
		{5692DF66-BB2B-844E-9932-48A10B2E610E}.Release|Any CPU.Build.0 = Release|Any CPU
	EndGlobalSection
	GlobalSection(SolutionProperties) = preSolution
		HideSolutionNode = FALSE
	EndGlobalSection
						GlobalSection(MonoDevelopProperties) = preSolution
		StartupItem = Assembly-CSharp.csproj
		Policies = $0
		$0.TextStylePolicy = $1
		$1.inheritsSet = null
		$1.scope = text/x-csharp
		$0.CSharpFormattingPolicy = $2
		$2.inheritsSet = Mono
		$2.inheritsScope = text/x-csharp
		$2.scope = text/x-csharp
		$0.TextStylePolicy = $3
		$3.FileWidth = 120
		$3.TabWidth = 4
		$3.EolMarker = Unix
		$3.inheritsSet = Mono
		$3.inheritsScope = text/plain
		$3.scope = text/plain
	EndGlobalSection

EndGlobal
